
Microsoft Visual Studio Solution File, Format Version 12.00
# Visual Studio Version 16
VisualStudioVersion = 16.0.31702.278
MinimumVisualStudioVersion = 10.0.40219.1
Project("{FAE04EC0-301F-11D3-BF4B-00C04F79EFBC}") = "TaskFormApp", "TaskFormApp\TaskFormApp.csproj", "{8BD6FB29-00FC-4B41-8AF8-B7358B398FDF}"
EndProject
Project("{9A19103F-16F7-4668-BE54-9A1E7A4F7556}") = "TextWebApp.API", "TextWebApp.API\TextWebApp.API.csproj", "{CBB210C3-6F5D-4A11-A7C5-9F7627A2271D}"
EndProject
Project("{9A19103F-16F7-4668-BE54-9A1E7A4F7556}") = "TaskConsoleApp", "TaskConsoleApp\TaskConsoleApp.csproj", "{B3F67982-EE3B-43C8-B052-A947FA8AC3E0}"
EndProject
Project("{FAE04EC0-301F-11D3-BF4B-00C04F79EFBC}") = "TaskThreadApp", "TaskThreadApp\TaskThreadApp.csproj", "{CD1C68A0-6956-4815-AA23-D2707CAF4985}"
EndProject
Project("{FAE04EC0-301F-11D3-BF4B-00C04F79EFBC}") = "TaskCancellationFormApp", "TaskCancellationFormApp\TaskCancellationFormApp.csproj", "{003C57BB-FD19-4E73-8B26-BA374F406764}"
EndProject
Global
	GlobalSection(SolutionConfigurationPlatforms) = preSolution
		Debug|Any CPU = Debug|Any CPU
		Release|Any CPU = Release|Any CPU
	EndGlobalSection
	GlobalSection(ProjectConfigurationPlatforms) = postSolution
		{8BD6FB29-00FC-4B41-8AF8-B7358B398FDF}.Debug|Any CPU.ActiveCfg = Debug|Any CPU
		{8BD6FB29-00FC-4B41-8AF8-B7358B398FDF}.Debug|Any CPU.Build.0 = Debug|Any CPU
		{8BD6FB29-00FC-4B41-8AF8-B7358B398FDF}.Release|Any CPU.ActiveCfg = Release|Any CPU
		{8BD6FB29-00FC-4B41-8AF8-B7358B398FDF}.Release|Any CPU.Build.0 = Release|Any CPU
		{CBB210C3-6F5D-4A11-A7C5-9F7627A2271D}.Debug|Any CPU.ActiveCfg = Debug|Any CPU
		{CBB210C3-6F5D-4A11-A7C5-9F7627A2271D}.Debug|Any CPU.Build.0 = Debug|Any CPU
		{CBB210C3-6F5D-4A11-A7C5-9F7627A2271D}.Release|Any CPU.ActiveCfg = Release|Any CPU
		{CBB210C3-6F5D-4A11-A7C5-9F7627A2271D}.Release|Any CPU.Build.0 = Release|Any CPU
		{B3F67982-EE3B-43C8-B052-A947FA8AC3E0}.Debug|Any CPU.ActiveCfg = Debug|Any CPU
		{B3F67982-EE3B-43C8-B052-A947FA8AC3E0}.Debug|Any CPU.Build.0 = Debug|Any CPU
		{B3F67982-EE3B-43C8-B052-A947FA8AC3E0}.Release|Any CPU.ActiveCfg = Release|Any CPU
		{B3F67982-EE3B-43C8-B052-A947FA8AC3E0}.Release|Any CPU.Build.0 = Release|Any CPU
		{CD1C68A0-6956-4815-AA23-D2707CAF4985}.Debug|Any CPU.ActiveCfg = Debug|Any CPU
		{CD1C68A0-6956-4815-AA23-D2707CAF4985}.Debug|Any CPU.Build.0 = Debug|Any CPU
		{CD1C68A0-6956-4815-AA23-D2707CAF4985}.Release|Any CPU.ActiveCfg = Release|Any CPU
		{CD1C68A0-6956-4815-AA23-D2707CAF4985}.Release|Any CPU.Build.0 = Release|Any CPU
		{003C57BB-FD19-4E73-8B26-BA374F406764}.Debug|Any CPU.ActiveCfg = Debug|Any CPU
		{003C57BB-FD19-4E73-8B26-BA374F406764}.Debug|Any CPU.Build.0 = Debug|Any CPU
		{003C57BB-FD19-4E73-8B26-BA374F406764}.Release|Any CPU.ActiveCfg = Release|Any CPU
		{003C57BB-FD19-4E73-8B26-BA374F406764}.Release|Any CPU.Build.0 = Release|Any CPU
	EndGlobalSection
	GlobalSection(SolutionProperties) = preSolution
		HideSolutionNode = FALSE
	EndGlobalSection
	GlobalSection(ExtensibilityGlobals) = postSolution
		SolutionGuid = {90F638D1-10FF-4D26-931E-BDCDA5D30753}
	EndGlobalSection
EndGlobal
